
Microsoft Visual Studio Solution File, Format Version 12.00
# Visual Studio Version 18
VisualStudioVersion = 18.5.11723.231 stable
MinimumVisualStudioVersion = 10.0.40219.1
Project("{FAE04EC0-301F-11D3-BF4B-00C04F79EFBC}") = "MsrPlayer", "MsrPlayer\MsrPlayer.csproj", "{3EE3961B-78EF-7DA0-460A-4D95E761243A}"
EndProject
Global
	GlobalSection(SolutionConfigurationPlatforms) = preSolution
		Debug|Any CPU = Debug|Any CPU
		Release|Any CPU = Release|Any CPU
	EndGlobalSection
	GlobalSection(ProjectConfigurationPlatforms) = postSolution
		{3EE3961B-78EF-7DA0-460A-4D95E761243A}.Debug|Any CPU.ActiveCfg = Debug|Any CPU
		{3EE3961B-78EF-7DA0-460A-4D95E761243A}.Debug|Any CPU.Build.0 = Debug|Any CPU
		{3EE3961B-78EF-7DA0-460A-4D95E761243A}.Release|Any CPU.ActiveCfg = Release|Any CPU
		{3EE3961B-78EF-7DA0-460A-4D95E761243A}.Release|Any CPU.Build.0 = Release|Any CPU
	EndGlobalSection
	GlobalSection(SolutionProperties) = preSolution
		HideSolutionNode = FALSE
	EndGlobalSection
	GlobalSection(ExtensibilityGlobals) = postSolution
		SolutionGuid = {B415C047-CFF3-466C-AA74-421FDEF76417}
	EndGlobalSection
EndGlobal
